
Microsoft Visual Studio Solution File, Format Version 9.00
# Visual Studio 2005
Project("{8BC9CEB8-8B4A-11D0-8D11-00A0C91BC942}") = "StarFox", "StarFox_2.vcproj", "{702CE740-094D-4D74-A5CF-4AA991FC03FB}"
EndProject
Global
	GlobalSection(SolutionConfigurationPlatforms) = preSolution
		Debug|Win32 = Debug|Win32
		Release|Win32 = Release|Win32
	EndGlobalSection
	GlobalSection(ProjectConfigurationPlatforms) = postSolution
		{702CE740-094D-4D74-A5CF-4AA991FC03FB}.Debug|Win32.ActiveCfg = Debug|Win32
		{702CE740-094D-4D74-A5CF-4AA991FC03FB}.Debug|Win32.Build.0 = Debug|Win32
		{702CE740-094D-4D74-A5CF-4AA991FC03FB}.Release|Win32.ActiveCfg = Release|Win32
		{702CE740-094D-4D74-A5CF-4AA991FC03FB}.Release|Win32.Build.0 = Release|Win32
	EndGlobalSection
	GlobalSection(SolutionProperties) = preSolution
		HideSolutionNode = FALSE
	EndGlobalSection
EndGlobal
